
Microsoft Visual Studio Solution File, Format Version 12.00
# Visual Studio Version 16
VisualStudioVersion = 16.0.31410.357
MinimumVisualStudioVersion = 10.0.40219.1
Project("{FAE04EC0-301F-11D3-BF4B-00C04F79EFBC}") = "SockSockGame", "SockSockGame.csproj", "{E96FDF90-69B9-456D-BCC9-03E2FC897A38}"
EndProject
Global
	GlobalSection(SolutionConfigurationPlatforms) = preSolution
		Debug|Any CPU = Debug|Any CPU
		Release|Any CPU = Release|Any CPU
	EndGlobalSection
	GlobalSection(ProjectConfigurationPlatforms) = postSolution
		{E96FDF90-69B9-456D-BCC9-03E2FC897A38}.Debug|Any CPU.ActiveCfg = Debug|Any CPU
		{E96FDF90-69B9-456D-BCC9-03E2FC897A38}.Debug|Any CPU.Build.0 = Debug|Any CPU
		{E96FDF90-69B9-456D-BCC9-03E2FC897A38}.Release|Any CPU.ActiveCfg = Release|Any CPU
		{E96FDF90-69B9-456D-BCC9-03E2FC897A38}.Release|Any CPU.Build.0 = Release|Any CPU
	EndGlobalSection
	GlobalSection(SolutionProperties) = preSolution
		HideSolutionNode = FALSE
	EndGlobalSection
	GlobalSection(ExtensibilityGlobals) = postSolution
		SolutionGuid = {2232DB13-1AC6-4AE8-B5D3-AE727F41D14D}
	EndGlobalSection
EndGlobal
